<?xml version="1.0"?>
<CONFIG>
  <ProjectOptions>
    <PathDelim Value="\"/>
    <Version Value="7"/>
    <General>
      <MainUnit Value="0"/>
      <TargetFileExt Value=".exe"/>
      <Title Value="Slnečné škvrny"/>
      <Icon Value="0"/>
      <UseXPManifest Value="True"/>
    </General>
    <VersionInfo>
      <UseVersionInfo Value="True"/>
      <CurrentVersionNr Value="1"/>
      <CurrentMajorRevNr Value="3"/>
      <ProjectVersion Value="1.3.0.0"/>
      <Language Value="041B"/>
      <CharSet Value="04B0"/>
      <Comments Value="2011-2014"/>
      <CompanyName Value="Pavol Gajdos"/>
      <FileDescription Value="Slnecne skvrny"/>
      <InternalName Value="skvrny"/>
      <LegalCopyright Value="Pavol Gajdos"/>
      <OriginalFilename Value="slnko.exe"/>
      <ProductName Value="Slnecne skvrny"/>
    </VersionInfo>
    <PublishOptions>
      <Version Value="2"/>
      <DestinationDirectory Value="D:\Palko\skola\GJAR-PO\Informatika\lazarus\skvrny\Nový priečinok"/>
      <IgnoreBinaries Value="False"/>
      <IncludeFileFilter Value="*.(pas|pp|inc|lfm|lpr|lrs|lpi|lpk|sh|xml|config)"/>
      <ExcludeFileFilter Value="*.(bak|ppu|ppw|o|so);*~;backup"/>
    </PublishOptions>
    <RunParams>
      <local>
        <FormatVersion Value="1"/>
        <LaunchingApplication PathPlusParams="/usr/X11R6/bin/xterm -T 'Lazarus Run Output' -e $(LazarusDir)/tools/runwait.sh $(TargetCmdLine)"/>
      </local>
    </RunParams>
    <RequiredPackages Count="2">
      <Item1>
        <PackageName Value="pack_powerpdf"/>
        <MinVersion Minor="9" Release="10" Valid="True"/>
      </Item1>
      <Item2>
        <PackageName Value="LCL"/>
      </Item2>
    </RequiredPackages>
    <Units Count="17">
      <Unit0>
        <Filename Value="project1.lpr"/>
        <IsPartOfProject Value="True"/>
        <UnitName Value="project1"/>
      </Unit0>
      <Unit1>
        <Filename Value="unit1.pas"/>
        <IsPartOfProject Value="True"/>
        <ComponentName Value="Form1"/>
        <ResourceBaseClass Value="Form"/>
        <UnitName Value="Unit1"/>
      </Unit1>
      <Unit2>
        <Filename Value="vypocty.pas"/>
        <IsPartOfProject Value="True"/>
        <UnitName Value="vypocty"/>
      </Unit2>
      <Unit3>
        <Filename Value="unit2.pas"/>
        <IsPartOfProject Value="True"/>
        <ComponentName Value="Form2"/>
        <ResourceBaseClass Value="Form"/>
        <UnitName Value="Unit2"/>
      </Unit3>
      <Unit4>
        <Filename Value="unit3.pas"/>
        <IsPartOfProject Value="True"/>
        <ComponentName Value="Form3"/>
        <ResourceBaseClass Value="Form"/>
        <UnitName Value="Unit3"/>
      </Unit4>
      <Unit5>
        <Filename Value="unit4.pas"/>
        <IsPartOfProject Value="True"/>
        <ComponentName Value="Form4"/>
        <ResourceBaseClass Value="Form"/>
        <UnitName Value="Unit4"/>
      </Unit5>
      <Unit6>
        <Filename Value="unit5.pas"/>
        <IsPartOfProject Value="True"/>
        <ComponentName Value="Form5"/>
        <ResourceBaseClass Value="Form"/>
        <UnitName Value="Unit5"/>
      </Unit6>
      <Unit7>
        <Filename Value="unit6.pas"/>
        <IsPartOfProject Value="True"/>
        <ComponentName Value="Form6"/>
        <ResourceBaseClass Value="Form"/>
        <UnitName Value="Unit6"/>
      </Unit7>
      <Unit8>
        <Filename Value="unit7.pas"/>
        <IsPartOfProject Value="True"/>
        <ComponentName Value="Form7"/>
        <ResourceBaseClass Value="Form"/>
        <UnitName Value="Unit7"/>
      </Unit8>
      <Unit9>
        <Filename Value="unit8.pas"/>
        <IsPartOfProject Value="True"/>
        <ComponentName Value="Form8"/>
        <ResourceBaseClass Value="Form"/>
        <UnitName Value="Unit8"/>
      </Unit9>
      <Unit10>
        <Filename Value="unit9.pas"/>
        <IsPartOfProject Value="True"/>
        <ComponentName Value="Form9"/>
        <ResourceBaseClass Value="Form"/>
        <UnitName Value="Unit9"/>
      </Unit10>
      <Unit11>
        <Filename Value="unit10.pas"/>
        <IsPartOfProject Value="True"/>
        <ComponentName Value="Form10"/>
        <ResourceBaseClass Value="Form"/>
        <UnitName Value="Unit10"/>
      </Unit11>
      <Unit12>
        <Filename Value="unit11.pas"/>
        <IsPartOfProject Value="True"/>
        <ComponentName Value="Form11"/>
        <ResourceBaseClass Value="Form"/>
        <UnitName Value="Unit11"/>
      </Unit12>
      <Unit13>
        <Filename Value="unit12.pas"/>
        <IsPartOfProject Value="True"/>
        <ComponentName Value="Form12"/>
        <ResourceBaseClass Value="Form"/>
        <UnitName Value="Unit12"/>
      </Unit13>
      <Unit14>
        <Filename Value="unit13.pas"/>
        <IsPartOfProject Value="True"/>
        <ComponentName Value="Form13"/>
        <ResourceBaseClass Value="Form"/>
        <UnitName Value="Unit13"/>
      </Unit14>
      <Unit15>
        <Filename Value="unit14.pas"/>
        <IsPartOfProject Value="True"/>
        <ComponentName Value="Form14"/>
        <ResourceBaseClass Value="Form"/>
        <UnitName Value="Unit14"/>
      </Unit15>
      <Unit16>
        <Filename Value="unit15.pas"/>
        <IsPartOfProject Value="True"/>
        <ComponentName Value="Form15"/>
        <ResourceBaseClass Value="Form"/>
        <UnitName Value="Unit15"/>
      </Unit16>
    </Units>
  </ProjectOptions>
  <CompilerOptions>
    <Version Value="8"/>
    <PathDelim Value="\"/>
    <Target>
      <Filename Value="slnko.exe"/>
    </Target>
    <SearchPaths>
      <IncludeFiles Value="$(ProjOutDir)\"/>
    </SearchPaths>
    <Linking>
      <Debugging>
        <UseLineInfoUnit Value="False"/>
      </Debugging>
      <Options>
        <Win32>
          <GraphicApplication Value="True"/>
        </Win32>
      </Options>
    </Linking>
    <Other>
      <CompilerPath Value="$(CompPath)"/>
    </Other>
  </CompilerOptions>
</CONFIG>
